<Solution>
  <Folder Name="/docs/">
    <File Path="BundID_Anbindungsleitfaden_v1.9.pdf" />
    <File Path="BundID_FAQs_012025.pdf" />
    <File Path="BundID_Schnittstellenbeschreibung_10.2.0.0_V1.0 (1).pdf" />
    <File Path="BundID_Styleguide_2024_V1.3.pdf" />
  </Folder>
  <Folder Name="/src/">
    <Project Path="src/BundId.SAMLProxy/BundId.SAMLProxy.csproj" />
  </Folder>
  <Folder Name="/src/sustainsys/" />
  <Folder Name="/src/sustainsys/v2/">
    <Project Path="../Sustainsys.SAML2/Sustainsys.Saml2.AspNetCore2/Sustainsys.Saml2.AspNetCore2.csproj">
      <Build Solution="Debug|*" Project="false" />
    </Project>
    <Project Path="../Sustainsys.SAML2/Sustainsys.Saml2/Sustainsys.Saml2.csproj">
      <Build Solution="Debug|*" Project="false" />
    </Project>
  </Folder>
  <Folder Name="/src/sustainsys/v3/">
    <Project Path="../Worktrees/Sustainsys-v3/src/foss/Sustainsys.Saml2/Sustainsys.Saml2.csproj" />
  </Folder>
  <Folder Name="/test/">
    <Project Path="test/BundID.RedirectBindingTest/BundID.RedirectBindingTest.csproj" Id="58153db0-69c8-43ad-ba6f-7a1c6e9fa55b" />
    <Project Path="test/BundID.TestSP/BundId.TestSP.csproj" />
  </Folder>
</Solution>
